// !$*UTF8*$!
{
	archiveVersion = 1;
	classes = {
	};
	objectVersion = 77;
	objects = {

/* Begin PBXBuildFile section */
		2722D1552E17C42D00361B7B /* RealmSwift in Embed Frameworks */ = {isa = PBXBuildFile; productRef = 27DA9C152E17C1EA005ABD97 /* RealmSwift */; settings = {ATTRIBUTES = (CodeSignOnCopy, ); }; };
		27DA9C162E17C1EA005ABD97 /* RealmSwift in Frameworks */ = {isa = PBXBuildFile; productRef = 27DA9C152E17C1EA005ABD97 /* RealmSwift */; };
		27DA9C192E17C2CF005ABD97 /* RealmSwift in Frameworks */ = {isa = PBXBuildFile; productRef = 27DA9C182E17C2CF005ABD97 /* RealmSwift */; };
/* End PBXBuildFile section */

/* Begin PBXContainerItemProxy section */
		27DA9BAC2E16788D005ABD97 /* PBXContainerItemProxy */ = {
			isa = PBXContainerItemProxy;
			containerPortal = 27DA9B962E16788A005ABD97 /* Project object */;
			proxyType = 1;
			remoteGlobalIDString = 27DA9B9D2E16788A005ABD97;
			remoteInfo = BeAmazed;
		};
		27DA9BB62E16788D005ABD97 /* PBXContainerItemProxy */ = {
			isa = PBXContainerItemProxy;
			containerPortal = 27DA9B962E16788A005ABD97 /* Project object */;
			proxyType = 1;
			remoteGlobalIDString = 27DA9B9D2E16788A005ABD97;
			remoteInfo = BeAmazed;
		};
/* End PBXContainerItemProxy section */

/* Begin PBXCopyFilesBuildPhase section */
		2722D1562E17C42D00361B7B /* Embed Frameworks */ = {
			isa = PBXCopyFilesBuildPhase;
			buildActionMask = 2147483647;
			dstPath = "";
			dstSubfolderSpec = 10;
			files = (
				2722D1552E17C42D00361B7B /* RealmSwift in Embed Frameworks */,
			);
			name = "Embed Frameworks";
			runOnlyForDeploymentPostprocessing = 0;
		};
		27DA9C1B2E17C2D0005ABD97 /* Embed Frameworks */ = {
			isa = PBXCopyFilesBuildPhase;
			buildActionMask = 2147483647;
			dstPath = "";
			dstSubfolderSpec = 10;
			files = (
			);
			name = "Embed Frameworks";
			runOnlyForDeploymentPostprocessing = 0;
		};
/* End PBXCopyFilesBuildPhase section */

/* Begin PBXFileReference section */
		27DA9B9E2E16788A005ABD97 /* BeAmazed.app */ = {isa = PBXFileReference; explicitFileType = wrapper.application; includeInIndex = 0; path = BeAmazed.app; sourceTree = BUILT_PRODUCTS_DIR; };
		27DA9BAB2E16788D005ABD97 /* BeAmazedTests.xctest */ = {isa = PBXFileReference; explicitFileType = wrapper.cfbundle; includeInIndex = 0; path = BeAmazedTests.xctest; sourceTree = BUILT_PRODUCTS_DIR; };
		27DA9BB52E16788D005ABD97 /* BeAmazedUITests.xctest */ = {isa = PBXFileReference; explicitFileType = wrapper.cfbundle; includeInIndex = 0; path = BeAmazedUITests.xctest; sourceTree = BUILT_PRODUCTS_DIR; };
/* End PBXFileReference section */

/* Begin PBXFileSystemSynchronizedRootGroup section */
		27DA9BA02E16788A005ABD97 /* BeAmazed */ = {
			isa = PBXFileSystemSynchronizedRootGroup;
			path = BeAmazed;
			sourceTree = "<group>";
		};
		27DA9BAE2E16788D005ABD97 /* BeAmazedTests */ = {
			isa = PBXFileSystemSynchronizedRootGroup;
			path = BeAmazedTests;
			sourceTree = "<group>";
		};
		27DA9BB82E16788D005ABD97 /* BeAmazedUITests */ = {
			isa = PBXFileSystemSynchronizedRootGroup;
			path = BeAmazedUITests;
			sourceTree = "<group>";
		};
/* End PBXFileSystemSynchronizedRootGroup section */

/* Begin PBXFrameworksBuildPhase section */
		27DA9B9B2E16788A005ABD97 /* Frameworks */ = {
			isa = PBXFrameworksBuildPhase;
			buildActionMask = 2147483647;
			files = (
				27DA9C162E17C1EA005ABD97 /* RealmSwift in Frameworks */,
			);
			runOnlyForDeploymentPostprocessing = 0;
		};
		27DA9BA82E16788D005ABD97 /* Frameworks */ = {
			isa = PBXFrameworksBuildPhase;
			buildActionMask = 2147483647;
			files = (
				27DA9C192E17C2CF005ABD97 /* RealmSwift in Frameworks */,
			);
			runOnlyForDeploymentPostprocessing = 0;
		};
		27DA9BB22E16788D005ABD97 /* Frameworks */ = {
			isa = PBXFrameworksBuildPhase;
			buildActionMask = 2147483647;
			files = (
			);
			runOnlyForDeploymentPostprocessing = 0;
		};
/* End PBXFrameworksBuildPhase section */

/* Begin PBXGroup section */
		27DA9B952E16788A005ABD97 = {
			isa = PBXGroup;
			children = (
				27DA9BA02E16788A005ABD97 /* BeAmazed */,
				27DA9BAE2E16788D005ABD97 /* BeAmazedTests */,
				27DA9BB82E16788D005ABD97 /* BeAmazedUITests */,
				27DA9C172E17C2CF005ABD97 /* Frameworks */,
				27DA9B9F2E16788A005ABD97 /* Products */,
			);
			sourceTree = "<group>";
		};
		27DA9B9F2E16788A005ABD97 /* Products */ = {
			isa = PBXGroup;
			children = (
				27DA9B9E2E16788A005ABD97 /* BeAmazed.app */,
				27DA9BAB2E16788D005ABD97 /* BeAmazedTests.xctest */,
				27DA9BB52E16788D005ABD97 /* BeAmazedUITests.xctest */,
			);
			name = Products;
			sourceTree = "<group>";
		};
		27DA9C172E17C2CF005ABD97 /* Frameworks */ = {
			isa = PBXGroup;
			children = (
			);
			name = Frameworks;
			sourceTree = "<group>";
		};
/* End PBXGroup section */

/* Begin PBXNativeTarget section */
		27DA9B9D2E16788A005ABD97 /* BeAmazed */ = {
			isa = PBXNativeTarget;
			buildConfigurationList = 27DA9BBF2E16788D005ABD97 /* Build configuration list for PBXNativeTarget "BeAmazed" */;
			buildPhases = (
				27DA9B9A2E16788A005ABD97 /* Sources */,
				27DA9B9B2E16788A005ABD97 /* Frameworks */,
				27DA9B9C2E16788A005ABD97 /* Resources */,
				2722D1562E17C42D00361B7B /* Embed Frameworks */,
			);
			buildRules = (
			);
			dependencies = (
			);
			fileSystemSynchronizedGroups = (
				27DA9BA02E16788A005ABD97 /* BeAmazed */,
			);
			name = BeAmazed;
			packageProductDependencies = (
				27DA9C152E17C1EA005ABD97 /* RealmSwift */,
			);
			productName = BeAmazed;
			productReference = 27DA9B9E2E16788A005ABD97 /* BeAmazed.app */;
			productType = "com.apple.product-type.application";
		};
		27DA9BAA2E16788D005ABD97 /* BeAmazedTests */ = {
			isa = PBXNativeTarget;
			buildConfigurationList = 27DA9BC22E16788D005ABD97 /* Build configuration list for PBXNativeTarget "BeAmazedTests" */;
			buildPhases = (
				27DA9BA72E16788D005ABD97 /* Sources */,
				27DA9BA82E16788D005ABD97 /* Frameworks */,
				27DA9BA92E16788D005ABD97 /* Resources */,
				27DA9C1B2E17C2D0005ABD97 /* Embed Frameworks */,
			);
			buildRules = (
			);
			dependencies = (
				27DA9BAD2E16788D005ABD97 /* PBXTargetDependency */,
			);
			fileSystemSynchronizedGroups = (
				27DA9BAE2E16788D005ABD97 /* BeAmazedTests */,
			);
			name = BeAmazedTests;
			packageProductDependencies = (
				27DA9C182E17C2CF005ABD97 /* RealmSwift */,
			);
			productName = BeAmazedTests;
			productReference = 27DA9BAB2E16788D005ABD97 /* BeAmazedTests.xctest */;
			productType = "com.apple.product-type.bundle.unit-test";
		};
		27DA9BB42E16788D005ABD97 /* BeAmazedUITests */ = {
			isa = PBXNativeTarget;
			buildConfigurationList = 27DA9BC52E16788D005ABD97 /* Build configuration list for PBXNativeTarget "BeAmazedUITests" */;
			buildPhases = (
				27DA9BB12E16788D005ABD97 /* Sources */,
				27DA9BB22E16788D005ABD97 /* Frameworks */,
				27DA9BB32E16788D005ABD97 /* Resources */,
			);
			buildRules = (
			);
			dependencies = (
				27DA9BB72E16788D005ABD97 /* PBXTargetDependency */,
			);
			fileSystemSynchronizedGroups = (
				27DA9BB82E16788D005ABD97 /* BeAmazedUITests */,
			);
			name = BeAmazedUITests;
			packageProductDependencies = (
			);
			productName = BeAmazedUITests;
			productReference = 27DA9BB52E16788D005ABD97 /* BeAmazedUITests.xctest */;
			productType = "com.apple.product-type.bundle.ui-testing";
		};
/* End PBXNativeTarget section */

/* Begin PBXProject section */
		27DA9B962E16788A005ABD97 /* Project object */ = {
			isa = PBXProject;
			attributes = {
				BuildIndependentTargetsInParallel = 1;
				LastSwiftUpdateCheck = 1640;
				LastUpgradeCheck = 1640;
				TargetAttributes = {
					27DA9B9D2E16788A005ABD97 = {
						CreatedOnToolsVersion = 16.4;
					};
					27DA9BAA2E16788D005ABD97 = {
						CreatedOnToolsVersion = 16.4;
						TestTargetID = 27DA9B9D2E16788A005ABD97;
					};
					27DA9BB42E16788D005ABD97 = {
						CreatedOnToolsVersion = 16.4;
						TestTargetID = 27DA9B9D2E16788A005ABD97;
					};
				};
			};
			buildConfigurationList = 27DA9B992E16788A005ABD97 /* Build configuration list for PBXProject "BeAmazed" */;
			developmentRegion = en;
			hasScannedForEncodings = 0;
			knownRegions = (
				en,
				Base,
			);
			mainGroup = 27DA9B952E16788A005ABD97;
			minimizedProjectReferenceProxies = 1;
			packageReferences = (
				27DA9C142E17C1EA005ABD97 /* XCRemoteSwiftPackageReference "realm-swift" */,
			);
			preferredProjectObjectVersion = 77;
			productRefGroup = 27DA9B9F2E16788A005ABD97 /* Products */;
			projectDirPath = "";
			projectRoot = "";
			targets = (
				27DA9B9D2E16788A005ABD97 /* BeAmazed */,
				27DA9BAA2E16788D005ABD97 /* BeAmazedTests */,
				27DA9BB42E16788D005ABD97 /* BeAmazedUITests */,
			);
		};
/* End PBXProject section */

/* Begin PBXResourcesBuildPhase section */
		27DA9B9C2E16788A005ABD97 /* Resources */ = {
			isa = PBXResourcesBuildPhase;
			buildActionMask = 2147483647;
			files = (
			);
			runOnlyForDeploymentPostprocessing = 0;
		};
		27DA9BA92E16788D005ABD97 /* Resources */ = {
			isa = PBXResourcesBuildPhase;
			buildActionMask = 2147483647;
			files = (
			);
			runOnlyForDeploymentPostprocessing = 0;
		};
		27DA9BB32E16788D005ABD97 /* Resources */ = {
			isa = PBXResourcesBuildPhase;
			buildActionMask = 2147483647;
			files = (
			);
			runOnlyForDeploymentPostprocessing = 0;
		};
/* End PBXResourcesBuildPhase section */

/* Begin PBXSourcesBuildPhase section */
		27DA9B9A2E16788A005ABD97 /* Sources */ = {
			isa = PBXSourcesBuildPhase;
			buildActionMask = 2147483647;
			files = (
			);
			runOnlyForDeploymentPostprocessing = 0;
		};
		27DA9BA72E16788D005ABD97 /* Sources */ = {
			isa = PBXSourcesBuildPhase;
			buildActionMask = 2147483647;
			files = (
			);
			runOnlyForDeploymentPostprocessing = 0;
		};
		27DA9BB12E16788D005ABD97 /* Sources */ = {
			isa = PBXSourcesBuildPhase;
			buildActionMask = 2147483647;
			files = (
			);
			runOnlyForDeploymentPostprocessing = 0;
		};
/* End PBXSourcesBuildPhase section */

/* Begin PBXTargetDependency section */
		27DA9BAD2E16788D005ABD97 /* PBXTargetDependency */ = {
			isa = PBXTargetDependency;
			target = 27DA9B9D2E16788A005ABD97 /* BeAmazed */;
			targetProxy = 27DA9BAC2E16788D005ABD97 /* PBXContainerItemProxy */;
		};
		27DA9BB72E16788D005ABD97 /* PBXTargetDependency */ = {
			isa = PBXTargetDependency;
			target = 27DA9B9D2E16788A005ABD97 /* BeAmazed */;
			targetProxy = 27DA9BB62E16788D005ABD97 /* PBXContainerItemProxy */;
		};
/* End PBXTargetDependency section */

/* Begin XCBuildConfiguration section */
		27DA9BBD2E16788D005ABD97 /* Debug */ = {
			isa = XCBuildConfiguration;
			buildSettings = {
				ALWAYS_SEARCH_USER_PATHS = NO;
				ASSETCATALOG_COMPILER_GENERATE_SWIFT_ASSET_SYMBOL_EXTENSIONS = YES;
				CLANG_ANALYZER_NONNULL = YES;
				CLANG_ANALYZER_NUMBER_OBJECT_CONVERSION = YES_AGGRESSIVE;
				CLANG_CXX_LANGUAGE_STANDARD = "gnu++20";
				CLANG_ENABLE_MODULES = YES;
				CLANG_ENABLE_OBJC_ARC = YES;
				CLANG_ENABLE_OBJC_WEAK = YES;
				CLANG_WARN_BLOCK_CAPTURE_AUTORELEASING = YES;
				CLANG_WARN_BOOL_CONVERSION = YES;
				CLANG_WARN_COMMA = YES;
				CLANG_WARN_CONSTANT_CONVERSION = YES;
				CLANG_WARN_DEPRECATED_OBJC_IMPLEMENTATIONS = YES;
				CLANG_WARN_DIRECT_OBJC_ISA_USAGE = YES_ERROR;
				CLANG_WARN_DOCUMENTATION_COMMENTS = YES;
				CLANG_WARN_EMPTY_BODY = YES;
				CLANG_WARN_ENUM_CONVERSION = YES;
				CLANG_WARN_INFINITE_RECURSION = YES;
				CLANG_WARN_INT_CONVERSION = YES;
				CLANG_WARN_NON_LITERAL_NULL_CONVERSION = YES;
				CLANG_WARN_OBJC_IMPLICIT_RETAIN_SELF = YES;
				CLANG_WARN_OBJC_LITERAL_CONVERSION = YES;
				CLANG_WARN_OBJC_ROOT_CLASS = YES_ERROR;
				CLANG_WARN_QUOTED_INCLUDE_IN_FRAMEWORK_HEADER = YES;
				CLANG_WARN_RANGE_LOOP_ANALYSIS = YES;
				CLANG_WARN_STRICT_PROTOTYPES = YES;
				CLANG_WARN_SUSPICIOUS_MOVE = YES;
				CLANG_WARN_UNGUARDED_AVAILABILITY = YES_AGGRESSIVE;
				CLANG_WARN_UNREACHABLE_CODE = YES;
				CLANG_WARN__DUPLICATE_METHOD_MATCH = YES;
				COPY_PHASE_STRIP = NO;
				DEBUG_INFORMATION_FORMAT = dwarf;
				DEVELOPMENT_TEAM = 9XZLRPAEST;
				ENABLE_STRICT_OBJC_MSGSEND = YES;
				ENABLE_TESTABILITY = YES;
				ENABLE_USER_SCRIPT_SANDBOXING = YES;
				GCC_C_LANGUAGE_STANDARD = gnu17;
				GCC_DYNAMIC_NO_PIC = NO;
				GCC_NO_COMMON_BLOCKS = YES;
				GCC_OPTIMIZATION_LEVEL = 0;
				GCC_PREPROCESSOR_DEFINITIONS = (
					"DEBUG=1",
					"$(inherited)",
				);
				GCC_WARN_64_TO_32_BIT_CONVERSION = YES;
				GCC_WARN_ABOUT_RETURN_TYPE = YES_ERROR;
				GCC_WARN_UNDECLARED_SELECTOR = YES;
				GCC_WARN_UNINITIALIZED_AUTOS = YES_AGGRESSIVE;
				GCC_WARN_UNUSED_FUNCTION = YES;
				GCC_WARN_UNUSED_VARIABLE = YES;
				IPHONEOS_DEPLOYMENT_TARGET = 18.5;
				LOCALIZATION_PREFERS_STRING_CATALOGS = YES;
				MTL_ENABLE_DEBUG_INFO = INCLUDE_SOURCE;
				MTL_FAST_MATH = YES;
				ONLY_ACTIVE_ARCH = YES;
				SDKROOT = iphoneos;
				SWIFT_ACTIVE_COMPILATION_CONDITIONS = "DEBUG $(inherited)";
				SWIFT_OPTIMIZATION_LEVEL = "-Onone";
			};
			name = Debug;
		};
		27DA9BBE2E16788D005ABD97 /* Release */ = {
			isa = XCBuildConfiguration;
			buildSettings = {
				ALWAYS_SEARCH_USER_PATHS = NO;
				ASSETCATALOG_COMPILER_GENERATE_SWIFT_ASSET_SYMBOL_EXTENSIONS = YES;
				CLANG_ANALYZER_NONNULL = YES;
				CLANG_ANALYZER_NUMBER_OBJECT_CONVERSION = YES_AGGRESSIVE;
				CLANG_CXX_LANGUAGE_STANDARD = "gnu++20";
				CLANG_ENABLE_MODULES = YES;
				CLANG_ENABLE_OBJC_ARC = YES;
				CLANG_ENABLE_OBJC_WEAK = YES;
				CLANG_WARN_BLOCK_CAPTURE_AUTORELEASING = YES;
				CLANG_WARN_BOOL_CONVERSION = YES;
				CLANG_WARN_COMMA = YES;
				CLANG_WARN_CONSTANT_CONVERSION = YES;
				CLANG_WARN_DEPRECATED_OBJC_IMPLEMENTATIONS = YES;
				CLANG_WARN_DIRECT_OBJC_ISA_USAGE = YES_ERROR;
				CLANG_WARN_DOCUMENTATION_COMMENTS = YES;
				CLANG_WARN_EMPTY_BODY = YES;
				CLANG_WARN_ENUM_CONVERSION = YES;
				CLANG_WARN_INFINITE_RECURSION = YES;
				CLANG_WARN_INT_CONVERSION = YES;
				CLANG_WARN_NON_LITERAL_NULL_CONVERSION = YES;
				CLANG_WARN_OBJC_IMPLICIT_RETAIN_SELF = YES;
				CLANG_WARN_OBJC_LITERAL_CONVERSION = YES;
				CLANG_WARN_OBJC_ROOT_CLASS = YES_ERROR;
				CLANG_WARN_QUOTED_INCLUDE_IN_FRAMEWORK_HEADER = YES;
				CLANG_WARN_RANGE_LOOP_ANALYSIS = YES;
				CLANG_WARN_STRICT_PROTOTYPES = YES;
				CLANG_WARN_SUSPICIOUS_MOVE = YES;
				CLANG_WARN_UNGUARDED_AVAILABILITY = YES_AGGRESSIVE;
				CLANG_WARN_UNREACHABLE_CODE = YES;
				CLANG_WARN__DUPLICATE_METHOD_MATCH = YES;
				COPY_PHASE_STRIP = NO;
				DEBUG_INFORMATION_FORMAT = "dwarf-with-dsym";
				DEVELOPMENT_TEAM = 9XZLRPAEST;
				ENABLE_NS_ASSERTIONS = NO;
				ENABLE_STRICT_OBJC_MSGSEND = YES;
				ENABLE_USER_SCRIPT_SANDBOXING = YES;
				GCC_C_LANGUAGE_STANDARD = gnu17;
				GCC_NO_COMMON_BLOCKS = YES;
				GCC_WARN_64_TO_32_BIT_CONVERSION = YES;
				GCC_WARN_ABOUT_RETURN_TYPE = YES_ERROR;
				GCC_WARN_UNDECLARED_SELECTOR = YES;
				GCC_WARN_UNINITIALIZED_AUTOS = YES_AGGRESSIVE;
				GCC_WARN_UNUSED_FUNCTION = YES;
				GCC_WARN_UNUSED_VARIABLE = YES;
				IPHONEOS_DEPLOYMENT_TARGET = 18.5;
				LOCALIZATION_PREFERS_STRING_CATALOGS = YES;
				MTL_ENABLE_DEBUG_INFO = NO;
				MTL_FAST_MATH = YES;
				SDKROOT = iphoneos;
				SWIFT_COMPILATION_MODE = wholemodule;
				VALIDATE_PRODUCT = YES;
			};
			name = Release;
		};
		27DA9BC02E16788D005ABD97 /* Debug */ = {
			isa = XCBuildConfiguration;
			buildSettings = {
				ASSETCATALOG_COMPILER_APPICON_NAME = AppIcon;
				ASSETCATALOG_COMPILER_GLOBAL_ACCENT_COLOR_NAME = AccentColor;
				CODE_SIGN_STYLE = Automatic;
				CURRENT_PROJECT_VERSION = 1;
				DEVELOPMENT_TEAM = 9XZLRPAEST;
				ENABLE_PREVIEWS = YES;
				GENERATE_INFOPLIST_FILE = YES;
				INFOPLIST_KEY_CFBundleDisplayName = BeAMAZEd;
				INFOPLIST_KEY_UIApplicationSceneManifest_Generation = YES;
				INFOPLIST_KEY_UIApplicationSupportsIndirectInputEvents = YES;
				INFOPLIST_KEY_UILaunchScreen_Generation = YES;
				INFOPLIST_KEY_UILaunchStoryboardName = LaunchScreen;
				INFOPLIST_KEY_UISupportedInterfaceOrientations_iPad = "UIInterfaceOrientationPortrait UIInterfaceOrientationPortraitUpsideDown UIInterfaceOrientationLandscapeLeft UIInterfaceOrientationLandscapeRight";
				INFOPLIST_KEY_UISupportedInterfaceOrientations_iPhone = "UIInterfaceOrientationPortrait UIInterfaceOrientationLandscapeLeft UIInterfaceOrientationLandscapeRight";
				LD_RUNPATH_SEARCH_PATHS = (
					"$(inherited)",
					"@executable_path/Frameworks",
				);
				MARKETING_VERSION = 1.0;
				PRODUCT_BUNDLE_IDENTIFIER = vtodorova.BeAmazed;
				PRODUCT_NAME = "$(TARGET_NAME)";
				SWIFT_EMIT_LOC_STRINGS = YES;
				SWIFT_VERSION = 5.0;
				TARGETED_DEVICE_FAMILY = "1,2";
			};
			name = Debug;
		};
		27DA9BC12E16788D005ABD97 /* Release */ = {
			isa = XCBuildConfiguration;
			buildSettings = {
				ASSETCATALOG_COMPILER_APPICON_NAME = AppIcon;
				ASSETCATALOG_COMPILER_GLOBAL_ACCENT_COLOR_NAME = AccentColor;
				CODE_SIGN_STYLE = Automatic;
				CURRENT_PROJECT_VERSION = 1;
				DEVELOPMENT_TEAM = 9XZLRPAEST;
				ENABLE_PREVIEWS = YES;
				GENERATE_INFOPLIST_FILE = YES;
				INFOPLIST_KEY_CFBundleDisplayName = BeAMAZEd;
				INFOPLIST_KEY_UIApplicationSceneManifest_Generation = YES;
				INFOPLIST_KEY_UIApplicationSupportsIndirectInputEvents = YES;
				INFOPLIST_KEY_UILaunchScreen_Generation = YES;
				INFOPLIST_KEY_UILaunchStoryboardName = LaunchScreen;
				INFOPLIST_KEY_UISupportedInterfaceOrientations_iPad = "UIInterfaceOrientationPortrait UIInterfaceOrientationPortraitUpsideDown UIInterfaceOrientationLandscapeLeft UIInterfaceOrientationLandscapeRight";
				INFOPLIST_KEY_UISupportedInterfaceOrientations_iPhone = "UIInterfaceOrientationPortrait UIInterfaceOrientationLandscapeLeft UIInterfaceOrientationLandscapeRight";
				LD_RUNPATH_SEARCH_PATHS = (
					"$(inherited)",
					"@executable_path/Frameworks",
				);
				MARKETING_VERSION = 1.0;
				PRODUCT_BUNDLE_IDENTIFIER = vtodorova.BeAmazed;
				PRODUCT_NAME = "$(TARGET_NAME)";
				SWIFT_EMIT_LOC_STRINGS = YES;
				SWIFT_VERSION = 5.0;
				TARGETED_DEVICE_FAMILY = "1,2";
			};
			name = Release;
		};
		27DA9BC32E16788D005ABD97 /* Debug */ = {
			isa = XCBuildConfiguration;
			buildSettings = {
				BUNDLE_LOADER = "$(TEST_HOST)";
				CODE_SIGN_STYLE = Automatic;
				CURRENT_PROJECT_VERSION = 1;
				DEVELOPMENT_TEAM = 9XZLRPAEST;
				GENERATE_INFOPLIST_FILE = YES;
				IPHONEOS_DEPLOYMENT_TARGET = 18.5;
				MARKETING_VERSION = 1.0;
				PRODUCT_BUNDLE_IDENTIFIER = vtodorova.BeAmazedTests;
				PRODUCT_NAME = "$(TARGET_NAME)";
				SWIFT_EMIT_LOC_STRINGS = NO;
				SWIFT_VERSION = 5.0;
				TARGETED_DEVICE_FAMILY = "1,2";
				TEST_HOST = "$(BUILT_PRODUCTS_DIR)/BeAmazed.app/$(BUNDLE_EXECUTABLE_FOLDER_PATH)/BeAmazed";
			};
			name = Debug;
		};
		27DA9BC42E16788D005ABD97 /* Release */ = {
			isa = XCBuildConfiguration;
			buildSettings = {
				BUNDLE_LOADER = "$(TEST_HOST)";
				CODE_SIGN_STYLE = Automatic;
				CURRENT_PROJECT_VERSION = 1;
				DEVELOPMENT_TEAM = 9XZLRPAEST;
				GENERATE_INFOPLIST_FILE = YES;
				IPHONEOS_DEPLOYMENT_TARGET = 18.5;
				MARKETING_VERSION = 1.0;
				PRODUCT_BUNDLE_IDENTIFIER = vtodorova.BeAmazedTests;
				PRODUCT_NAME = "$(TARGET_NAME)";
				SWIFT_EMIT_LOC_STRINGS = NO;
				SWIFT_VERSION = 5.0;
				TARGETED_DEVICE_FAMILY = "1,2";
				TEST_HOST = "$(BUILT_PRODUCTS_DIR)/BeAmazed.app/$(BUNDLE_EXECUTABLE_FOLDER_PATH)/BeAmazed";
			};
			name = Release;
		};
		27DA9BC62E16788D005ABD97 /* Debug */ = {
			isa = XCBuildConfiguration;
			buildSettings = {
				CODE_SIGN_STYLE = Automatic;
				CURRENT_PROJECT_VERSION = 1;
				DEVELOPMENT_TEAM = 9XZLRPAEST;
				GENERATE_INFOPLIST_FILE = YES;
				MARKETING_VERSION = 1.0;
				PRODUCT_BUNDLE_IDENTIFIER = vtodorova.BeAmazedUITests;
				PRODUCT_NAME = "$(TARGET_NAME)";
				SWIFT_EMIT_LOC_STRINGS = NO;
				SWIFT_VERSION = 5.0;
				TARGETED_DEVICE_FAMILY = "1,2";
				TEST_TARGET_NAME = BeAmazed;
			};
			name = Debug;
		};
		27DA9BC72E16788D005ABD97 /* Release */ = {
			isa = XCBuildConfiguration;
			buildSettings = {
				CODE_SIGN_STYLE = Automatic;
				CURRENT_PROJECT_VERSION = 1;
				DEVELOPMENT_TEAM = 9XZLRPAEST;
				GENERATE_INFOPLIST_FILE = YES;
				MARKETING_VERSION = 1.0;
				PRODUCT_BUNDLE_IDENTIFIER = vtodorova.BeAmazedUITests;
				PRODUCT_NAME = "$(TARGET_NAME)";
				SWIFT_EMIT_LOC_STRINGS = NO;
				SWIFT_VERSION = 5.0;
				TARGETED_DEVICE_FAMILY = "1,2";
				TEST_TARGET_NAME = BeAmazed;
			};
			name = Release;
		};
/* End XCBuildConfiguration section */

/* Begin XCConfigurationList section */
		27DA9B992E16788A005ABD97 /* Build configuration list for PBXProject "BeAmazed" */ = {
			isa = XCConfigurationList;
			buildConfigurations = (
				27DA9BBD2E16788D005ABD97 /* Debug */,
				27DA9BBE2E16788D005ABD97 /* Release */,
			);
			defaultConfigurationIsVisible = 0;
			defaultConfigurationName = Release;
		};
		27DA9BBF2E16788D005ABD97 /* Build configuration list for PBXNativeTarget "BeAmazed" */ = {
			isa = XCConfigurationList;
			buildConfigurations = (
				27DA9BC02E16788D005ABD97 /* Debug */,
				27DA9BC12E16788D005ABD97 /* Release */,
			);
			defaultConfigurationIsVisible = 0;
			defaultConfigurationName = Release;
		};
		27DA9BC22E16788D005ABD97 /* Build configuration list for PBXNativeTarget "BeAmazedTests" */ = {
			isa = XCConfigurationList;
			buildConfigurations = (
				27DA9BC32E16788D005ABD97 /* Debug */,
				27DA9BC42E16788D005ABD97 /* Release */,
			);
			defaultConfigurationIsVisible = 0;
			defaultConfigurationName = Release;
		};
		27DA9BC52E16788D005ABD97 /* Build configuration list for PBXNativeTarget "BeAmazedUITests" */ = {
			isa = XCConfigurationList;
			buildConfigurations = (
				27DA9BC62E16788D005ABD97 /* Debug */,
				27DA9BC72E16788D005ABD97 /* Release */,
			);
			defaultConfigurationIsVisible = 0;
			defaultConfigurationName = Release;
		};
/* End XCConfigurationList section */

/* Begin XCRemoteSwiftPackageReference section */
		27DA9C142E17C1EA005ABD97 /* XCRemoteSwiftPackageReference "realm-swift" */ = {
			isa = XCRemoteSwiftPackageReference;
			repositoryURL = "https://github.com/realm/realm-swift";
			requirement = {
				branch = master;
				kind = branch;
			};
		};
/* End XCRemoteSwiftPackageReference section */

/* Begin XCSwiftPackageProductDependency section */
		27DA9C152E17C1EA005ABD97 /* RealmSwift */ = {
			isa = XCSwiftPackageProductDependency;
			package = 27DA9C142E17C1EA005ABD97 /* XCRemoteSwiftPackageReference "realm-swift" */;
			productName = RealmSwift;
		};
		27DA9C182E17C2CF005ABD97 /* RealmSwift */ = {
			isa = XCSwiftPackageProductDependency;
			package = 27DA9C142E17C1EA005ABD97 /* XCRemoteSwiftPackageReference "realm-swift" */;
			productName = RealmSwift;
		};
/* End XCSwiftPackageProductDependency section */
	};
	rootObject = 27DA9B962E16788A005ABD97 /* Project object */;
}
